
Microsoft Visual Studio Solution File, Format Version 12.00
# Visual Studio Version 16
VisualStudioVersion = 16.0.29926.136
MinimumVisualStudioVersion = 10.0.40219.1
Project("{FAE04EC0-301F-11D3-BF4B-00C04F79EFBC}") = "RazorPagesMovie", "RazorPagesMovie.csproj", "{64E095C9-5161-4D53-A704-72427C1E186E}"
EndProject
Global
	GlobalSection(SolutionConfigurationPlatforms) = preSolution
		Debug|Any CPU = Debug|Any CPU
		Release|Any CPU = Release|Any CPU
	EndGlobalSection
	GlobalSection(ProjectConfigurationPlatforms) = postSolution
		{64E095C9-5161-4D53-A704-72427C1E186E}.Debug|Any CPU.ActiveCfg = Debug|Any CPU
		{64E095C9-5161-4D53-A704-72427C1E186E}.Debug|Any CPU.Build.0 = Debug|Any CPU
		{64E095C9-5161-4D53-A704-72427C1E186E}.Release|Any CPU.ActiveCfg = Release|Any CPU
		{64E095C9-5161-4D53-A704-72427C1E186E}.Release|Any CPU.Build.0 = Release|Any CPU
	EndGlobalSection
	GlobalSection(SolutionProperties) = preSolution
		HideSolutionNode = FALSE
	EndGlobalSection
	GlobalSection(ExtensibilityGlobals) = postSolution
		SolutionGuid = {EEF42167-8BA6-4FDE-99A7-FB8B921920EA}
	EndGlobalSection
EndGlobal
